// !$*UTF8*$!
{
	archiveVersion = 1;
	classes = {
	};
	objectVersion = 56;
	objects = {

/* Begin PBXBuildFile section */
		1872D66D2A4C029800E1D083 /* RadiusApp.swift in Sources */ = {isa = PBXBuildFile; fileRef = 1872D66C2A4C029800E1D083 /* RadiusApp.swift */; };
		1872D6722A4C029800E1D083 /* Radius.xcdatamodeld in Sources */ = {isa = PBXBuildFile; fileRef = 1872D6702A4C029800E1D083 /* Radius.xcdatamodeld */; };
		1872D6742A4C029800E1D083 /* HomePage.swift in Sources */ = {isa = PBXBuildFile; fileRef = 1872D6732A4C029800E1D083 /* HomePage.swift */; };
		1872D6762A4C029B00E1D083 /* Assets.xcassets in Resources */ = {isa = PBXBuildFile; fileRef = 1872D6752A4C029B00E1D083 /* Assets.xcassets */; };
		1872D67A2A4C029B00E1D083 /* Preview Assets.xcassets in Resources */ = {isa = PBXBuildFile; fileRef = 1872D6792A4C029B00E1D083 /* Preview Assets.xcassets */; };
		1872D6842A4C029B00E1D083 /* RadiusTests.swift in Sources */ = {isa = PBXBuildFile; fileRef = 1872D6832A4C029B00E1D083 /* RadiusTests.swift */; };
		1872D68E2A4C029B00E1D083 /* RadiusUITests.swift in Sources */ = {isa = PBXBuildFile; fileRef = 1872D68D2A4C029B00E1D083 /* RadiusUITests.swift */; };
		1872D6902A4C029C00E1D083 /* RadiusUITestsLaunchTests.swift in Sources */ = {isa = PBXBuildFile; fileRef = 1872D68F2A4C029C00E1D083 /* RadiusUITestsLaunchTests.swift */; };
		1872D69E2A4C040E00E1D083 /* ApiCalls.swift in Sources */ = {isa = PBXBuildFile; fileRef = 1872D69D2A4C040E00E1D083 /* ApiCalls.swift */; };
		1872D6A02A4C044000E1D083 /* Endpoint.swift in Sources */ = {isa = PBXBuildFile; fileRef = 1872D69F2A4C044000E1D083 /* Endpoint.swift */; };
		1872D6A32A4C0B6100E1D083 /* model.swift in Sources */ = {isa = PBXBuildFile; fileRef = 1872D6A22A4C0B6100E1D083 /* model.swift */; };
		1872D6A52A4C0B9600E1D083 /* Decoder.swift in Sources */ = {isa = PBXBuildFile; fileRef = 1872D6A42A4C0B9600E1D083 /* Decoder.swift */; };
/* End PBXBuildFile section */

/* Begin PBXContainerItemProxy section */
		1872D6802A4C029B00E1D083 /* PBXContainerItemProxy */ = {
			isa = PBXContainerItemProxy;
			containerPortal = 1872D6612A4C029800E1D083 /* Project object */;
			proxyType = 1;
			remoteGlobalIDString = 1872D6682A4C029800E1D083;
			remoteInfo = Radius;
		};
		1872D68A2A4C029B00E1D083 /* PBXContainerItemProxy */ = {
			isa = PBXContainerItemProxy;
			containerPortal = 1872D6612A4C029800E1D083 /* Project object */;
			proxyType = 1;
			remoteGlobalIDString = 1872D6682A4C029800E1D083;
			remoteInfo = Radius;
		};
/* End PBXContainerItemProxy section */

/* Begin PBXFileReference section */
		1872D6692A4C029800E1D083 /* Radius.app */ = {isa = PBXFileReference; explicitFileType = wrapper.application; includeInIndex = 0; path = Radius.app; sourceTree = BUILT_PRODUCTS_DIR; };
		1872D66C2A4C029800E1D083 /* RadiusApp.swift */ = {isa = PBXFileReference; lastKnownFileType = sourcecode.swift; path = RadiusApp.swift; sourceTree = "<group>"; };
		1872D6712A4C029800E1D083 /* Radius.xcdatamodel */ = {isa = PBXFileReference; lastKnownFileType = wrapper.xcdatamodel; path = Radius.xcdatamodel; sourceTree = "<group>"; };
		1872D6732A4C029800E1D083 /* HomePage.swift */ = {isa = PBXFileReference; lastKnownFileType = sourcecode.swift; path = HomePage.swift; sourceTree = "<group>"; };
		1872D6752A4C029B00E1D083 /* Assets.xcassets */ = {isa = PBXFileReference; lastKnownFileType = folder.assetcatalog; path = Assets.xcassets; sourceTree = "<group>"; };
		1872D6772A4C029B00E1D083 /* Radius.entitlements */ = {isa = PBXFileReference; lastKnownFileType = text.plist.entitlements; path = Radius.entitlements; sourceTree = "<group>"; };
		1872D6792A4C029B00E1D083 /* Preview Assets.xcassets */ = {isa = PBXFileReference; lastKnownFileType = folder.assetcatalog; path = "Preview Assets.xcassets"; sourceTree = "<group>"; };
		1872D67F2A4C029B00E1D083 /* RadiusTests.xctest */ = {isa = PBXFileReference; explicitFileType = wrapper.cfbundle; includeInIndex = 0; path = RadiusTests.xctest; sourceTree = BUILT_PRODUCTS_DIR; };
		1872D6832A4C029B00E1D083 /* RadiusTests.swift */ = {isa = PBXFileReference; lastKnownFileType = sourcecode.swift; path = RadiusTests.swift; sourceTree = "<group>"; };
		1872D6892A4C029B00E1D083 /* RadiusUITests.xctest */ = {isa = PBXFileReference; explicitFileType = wrapper.cfbundle; includeInIndex = 0; path = RadiusUITests.xctest; sourceTree = BUILT_PRODUCTS_DIR; };
		1872D68D2A4C029B00E1D083 /* RadiusUITests.swift */ = {isa = PBXFileReference; lastKnownFileType = sourcecode.swift; path = RadiusUITests.swift; sourceTree = "<group>"; };
		1872D68F2A4C029C00E1D083 /* RadiusUITestsLaunchTests.swift */ = {isa = PBXFileReference; lastKnownFileType = sourcecode.swift; path = RadiusUITestsLaunchTests.swift; sourceTree = "<group>"; };
		1872D69D2A4C040E00E1D083 /* ApiCalls.swift */ = {isa = PBXFileReference; lastKnownFileType = sourcecode.swift; path = ApiCalls.swift; sourceTree = "<group>"; };
		1872D69F2A4C044000E1D083 /* Endpoint.swift */ = {isa = PBXFileReference; lastKnownFileType = sourcecode.swift; path = Endpoint.swift; sourceTree = "<group>"; };
		1872D6A22A4C0B6100E1D083 /* model.swift */ = {isa = PBXFileReference; lastKnownFileType = sourcecode.swift; path = model.swift; sourceTree = "<group>"; };
		1872D6A42A4C0B9600E1D083 /* Decoder.swift */ = {isa = PBXFileReference; lastKnownFileType = sourcecode.swift; path = Decoder.swift; sourceTree = "<group>"; };
/* End PBXFileReference section */

/* Begin PBXFrameworksBuildPhase section */
		1872D6662A4C029800E1D083 /* Frameworks */ = {
			isa = PBXFrameworksBuildPhase;
			buildActionMask = 2147483647;
			files = (
			);
			runOnlyForDeploymentPostprocessing = 0;
		};
		1872D67C2A4C029B00E1D083 /* Frameworks */ = {
			isa = PBXFrameworksBuildPhase;
			buildActionMask = 2147483647;
			files = (
			);
			runOnlyForDeploymentPostprocessing = 0;
		};
		1872D6862A4C029B00E1D083 /* Frameworks */ = {
			isa = PBXFrameworksBuildPhase;
			buildActionMask = 2147483647;
			files = (
			);
			runOnlyForDeploymentPostprocessing = 0;
		};
/* End PBXFrameworksBuildPhase section */

/* Begin PBXGroup section */
		1872D6602A4C029800E1D083 = {
			isa = PBXGroup;
			children = (
				1872D66B2A4C029800E1D083 /* Radius */,
				1872D6822A4C029B00E1D083 /* RadiusTests */,
				1872D68C2A4C029B00E1D083 /* RadiusUITests */,
				1872D66A2A4C029800E1D083 /* Products */,
			);
			sourceTree = "<group>";
		};
		1872D66A2A4C029800E1D083 /* Products */ = {
			isa = PBXGroup;
			children = (
				1872D6692A4C029800E1D083 /* Radius.app */,
				1872D67F2A4C029B00E1D083 /* RadiusTests.xctest */,
				1872D6892A4C029B00E1D083 /* RadiusUITests.xctest */,
			);
			name = Products;
			sourceTree = "<group>";
		};
		1872D66B2A4C029800E1D083 /* Radius */ = {
			isa = PBXGroup;
			children = (
				1872D6A12A4C0B4D00E1D083 /* Model */,
				1872D69C2A4C03F800E1D083 /* Network */,
				1872D66C2A4C029800E1D083 /* RadiusApp.swift */,
				1872D6732A4C029800E1D083 /* HomePage.swift */,
				1872D6752A4C029B00E1D083 /* Assets.xcassets */,
				1872D6772A4C029B00E1D083 /* Radius.entitlements */,
				1872D6702A4C029800E1D083 /* Radius.xcdatamodeld */,
				1872D6782A4C029B00E1D083 /* Preview Content */,
			);
			path = Radius;
			sourceTree = "<group>";
		};
		1872D6782A4C029B00E1D083 /* Preview Content */ = {
			isa = PBXGroup;
			children = (
				1872D6792A4C029B00E1D083 /* Preview Assets.xcassets */,
			);
			path = "Preview Content";
			sourceTree = "<group>";
		};
		1872D6822A4C029B00E1D083 /* RadiusTests */ = {
			isa = PBXGroup;
			children = (
				1872D6832A4C029B00E1D083 /* RadiusTests.swift */,
			);
			path = RadiusTests;
			sourceTree = "<group>";
		};
		1872D68C2A4C029B00E1D083 /* RadiusUITests */ = {
			isa = PBXGroup;
			children = (
				1872D68D2A4C029B00E1D083 /* RadiusUITests.swift */,
				1872D68F2A4C029C00E1D083 /* RadiusUITestsLaunchTests.swift */,
			);
			path = RadiusUITests;
			sourceTree = "<group>";
		};
		1872D69C2A4C03F800E1D083 /* Network */ = {
			isa = PBXGroup;
			children = (
				1872D69D2A4C040E00E1D083 /* ApiCalls.swift */,
				1872D69F2A4C044000E1D083 /* Endpoint.swift */,
				1872D6A42A4C0B9600E1D083 /* Decoder.swift */,
			);
			path = Network;
			sourceTree = "<group>";
		};
		1872D6A12A4C0B4D00E1D083 /* Model */ = {
			isa = PBXGroup;
			children = (
				1872D6A22A4C0B6100E1D083 /* model.swift */,
			);
			path = Model;
			sourceTree = "<group>";
		};
/* End PBXGroup section */

/* Begin PBXNativeTarget section */
		1872D6682A4C029800E1D083 /* Radius */ = {
			isa = PBXNativeTarget;
			buildConfigurationList = 1872D6932A4C029C00E1D083 /* Build configuration list for PBXNativeTarget "Radius" */;
			buildPhases = (
				1872D6652A4C029800E1D083 /* Sources */,
				1872D6662A4C029800E1D083 /* Frameworks */,
				1872D6672A4C029800E1D083 /* Resources */,
			);
			buildRules = (
			);
			dependencies = (
			);
			name = Radius;
			productName = Radius;
			productReference = 1872D6692A4C029800E1D083 /* Radius.app */;
			productType = "com.apple.product-type.application";
		};
		1872D67E2A4C029B00E1D083 /* RadiusTests */ = {
			isa = PBXNativeTarget;
			buildConfigurationList = 1872D6962A4C029C00E1D083 /* Build configuration list for PBXNativeTarget "RadiusTests" */;
			buildPhases = (
				1872D67B2A4C029B00E1D083 /* Sources */,
				1872D67C2A4C029B00E1D083 /* Frameworks */,
				1872D67D2A4C029B00E1D083 /* Resources */,
			);
			buildRules = (
			);
			dependencies = (
				1872D6812A4C029B00E1D083 /* PBXTargetDependency */,
			);
			name = RadiusTests;
			productName = RadiusTests;
			productReference = 1872D67F2A4C029B00E1D083 /* RadiusTests.xctest */;
			productType = "com.apple.product-type.bundle.unit-test";
		};
		1872D6882A4C029B00E1D083 /* RadiusUITests */ = {
			isa = PBXNativeTarget;
			buildConfigurationList = 1872D6992A4C029C00E1D083 /* Build configuration list for PBXNativeTarget "RadiusUITests" */;
			buildPhases = (
				1872D6852A4C029B00E1D083 /* Sources */,
				1872D6862A4C029B00E1D083 /* Frameworks */,
				1872D6872A4C029B00E1D083 /* Resources */,
			);
			buildRules = (
			);
			dependencies = (
				1872D68B2A4C029B00E1D083 /* PBXTargetDependency */,
			);
			name = RadiusUITests;
			productName = RadiusUITests;
			productReference = 1872D6892A4C029B00E1D083 /* RadiusUITests.xctest */;
			productType = "com.apple.product-type.bundle.ui-testing";
		};
/* End PBXNativeTarget section */

/* Begin PBXProject section */
		1872D6612A4C029800E1D083 /* Project object */ = {
			isa = PBXProject;
			attributes = {
				BuildIndependentTargetsInParallel = 1;
				LastSwiftUpdateCheck = 1420;
				LastUpgradeCheck = 1420;
				TargetAttributes = {
					1872D6682A4C029800E1D083 = {
						CreatedOnToolsVersion = 14.2;
					};
					1872D67E2A4C029B00E1D083 = {
						CreatedOnToolsVersion = 14.2;
						TestTargetID = 1872D6682A4C029800E1D083;
					};
					1872D6882A4C029B00E1D083 = {
						CreatedOnToolsVersion = 14.2;
						TestTargetID = 1872D6682A4C029800E1D083;
					};
				};
			};
			buildConfigurationList = 1872D6642A4C029800E1D083 /* Build configuration list for PBXProject "Radius" */;
			compatibilityVersion = "Xcode 14.0";
			developmentRegion = en;
			hasScannedForEncodings = 0;
			knownRegions = (
				en,
				Base,
			);
			mainGroup = 1872D6602A4C029800E1D083;
			productRefGroup = 1872D66A2A4C029800E1D083 /* Products */;
			projectDirPath = "";
			projectRoot = "";
			targets = (
				1872D6682A4C029800E1D083 /* Radius */,
				1872D67E2A4C029B00E1D083 /* RadiusTests */,
				1872D6882A4C029B00E1D083 /* RadiusUITests */,
			);
		};
/* End PBXProject section */

/* Begin PBXResourcesBuildPhase section */
		1872D6672A4C029800E1D083 /* Resources */ = {
			isa = PBXResourcesBuildPhase;
			buildActionMask = 2147483647;
			files = (
				1872D67A2A4C029B00E1D083 /* Preview Assets.xcassets in Resources */,
				1872D6762A4C029B00E1D083 /* Assets.xcassets in Resources */,
			);
			runOnlyForDeploymentPostprocessing = 0;
		};
		1872D67D2A4C029B00E1D083 /* Resources */ = {
			isa = PBXResourcesBuildPhase;
			buildActionMask = 2147483647;
			files = (
			);
			runOnlyForDeploymentPostprocessing = 0;
		};
		1872D6872A4C029B00E1D083 /* Resources */ = {
			isa = PBXResourcesBuildPhase;
			buildActionMask = 2147483647;
			files = (
			);
			runOnlyForDeploymentPostprocessing = 0;
		};
/* End PBXResourcesBuildPhase section */

/* Begin PBXSourcesBuildPhase section */
		1872D6652A4C029800E1D083 /* Sources */ = {
			isa = PBXSourcesBuildPhase;
			buildActionMask = 2147483647;
			files = (
				1872D6722A4C029800E1D083 /* Radius.xcdatamodeld in Sources */,
				1872D66D2A4C029800E1D083 /* RadiusApp.swift in Sources */,
				1872D69E2A4C040E00E1D083 /* ApiCalls.swift in Sources */,
				1872D6742A4C029800E1D083 /* HomePage.swift in Sources */,
				1872D6A02A4C044000E1D083 /* Endpoint.swift in Sources */,
				1872D6A32A4C0B6100E1D083 /* model.swift in Sources */,
				1872D6A52A4C0B9600E1D083 /* Decoder.swift in Sources */,
			);
			runOnlyForDeploymentPostprocessing = 0;
		};
		1872D67B2A4C029B00E1D083 /* Sources */ = {
			isa = PBXSourcesBuildPhase;
			buildActionMask = 2147483647;
			files = (
				1872D6842A4C029B00E1D083 /* RadiusTests.swift in Sources */,
			);
			runOnlyForDeploymentPostprocessing = 0;
		};
		1872D6852A4C029B00E1D083 /* Sources */ = {
			isa = PBXSourcesBuildPhase;
			buildActionMask = 2147483647;
			files = (
				1872D6902A4C029C00E1D083 /* RadiusUITestsLaunchTests.swift in Sources */,
				1872D68E2A4C029B00E1D083 /* RadiusUITests.swift in Sources */,
			);
			runOnlyForDeploymentPostprocessing = 0;
		};
/* End PBXSourcesBuildPhase section */

/* Begin PBXTargetDependency section */
		1872D6812A4C029B00E1D083 /* PBXTargetDependency */ = {
			isa = PBXTargetDependency;
			target = 1872D6682A4C029800E1D083 /* Radius */;
			targetProxy = 1872D6802A4C029B00E1D083 /* PBXContainerItemProxy */;
		};
		1872D68B2A4C029B00E1D083 /* PBXTargetDependency */ = {
			isa = PBXTargetDependency;
			target = 1872D6682A4C029800E1D083 /* Radius */;
			targetProxy = 1872D68A2A4C029B00E1D083 /* PBXContainerItemProxy */;
		};
/* End PBXTargetDependency section */

/* Begin XCBuildConfiguration section */
		1872D6912A4C029C00E1D083 /* Debug */ = {
			isa = XCBuildConfiguration;
			buildSettings = {
				ALWAYS_SEARCH_USER_PATHS = NO;
				CLANG_ANALYZER_NONNULL = YES;
				CLANG_ANALYZER_NUMBER_OBJECT_CONVERSION = YES_AGGRESSIVE;
				CLANG_CXX_LANGUAGE_STANDARD = "gnu++20";
				CLANG_ENABLE_MODULES = YES;
				CLANG_ENABLE_OBJC_ARC = YES;
				CLANG_ENABLE_OBJC_WEAK = YES;
				CLANG_WARN_BLOCK_CAPTURE_AUTORELEASING = YES;
				CLANG_WARN_BOOL_CONVERSION = YES;
				CLANG_WARN_COMMA = YES;
				CLANG_WARN_CONSTANT_CONVERSION = YES;
				CLANG_WARN_DEPRECATED_OBJC_IMPLEMENTATIONS = YES;
				CLANG_WARN_DIRECT_OBJC_ISA_USAGE = YES_ERROR;
				CLANG_WARN_DOCUMENTATION_COMMENTS = YES;
				CLANG_WARN_EMPTY_BODY = YES;
				CLANG_WARN_ENUM_CONVERSION = YES;
				CLANG_WARN_INFINITE_RECURSION = YES;
				CLANG_WARN_INT_CONVERSION = YES;
				CLANG_WARN_NON_LITERAL_NULL_CONVERSION = YES;
				CLANG_WARN_OBJC_IMPLICIT_RETAIN_SELF = YES;
				CLANG_WARN_OBJC_LITERAL_CONVERSION = YES;
				CLANG_WARN_OBJC_ROOT_CLASS = YES_ERROR;
				CLANG_WARN_QUOTED_INCLUDE_IN_FRAMEWORK_HEADER = YES;
				CLANG_WARN_RANGE_LOOP_ANALYSIS = YES;
				CLANG_WARN_STRICT_PROTOTYPES = YES;
				CLANG_WARN_SUSPICIOUS_MOVE = YES;
				CLANG_WARN_UNGUARDED_AVAILABILITY = YES_AGGRESSIVE;
				CLANG_WARN_UNREACHABLE_CODE = YES;
				CLANG_WARN__DUPLICATE_METHOD_MATCH = YES;
				COPY_PHASE_STRIP = NO;
				DEBUG_INFORMATION_FORMAT = dwarf;
				ENABLE_STRICT_OBJC_MSGSEND = YES;
				ENABLE_TESTABILITY = YES;
				GCC_C_LANGUAGE_STANDARD = gnu11;
				GCC_DYNAMIC_NO_PIC = NO;
				GCC_NO_COMMON_BLOCKS = YES;
				GCC_OPTIMIZATION_LEVEL = 0;
				GCC_PREPROCESSOR_DEFINITIONS = (
					"DEBUG=1",
					"$(inherited)",
				);
				GCC_WARN_64_TO_32_BIT_CONVERSION = YES;
				GCC_WARN_ABOUT_RETURN_TYPE = YES_ERROR;
				GCC_WARN_UNDECLARED_SELECTOR = YES;
				GCC_WARN_UNINITIALIZED_AUTOS = YES_AGGRESSIVE;
				GCC_WARN_UNUSED_FUNCTION = YES;
				GCC_WARN_UNUSED_VARIABLE = YES;
				MTL_ENABLE_DEBUG_INFO = INCLUDE_SOURCE;
				MTL_FAST_MATH = YES;
				ONLY_ACTIVE_ARCH = YES;
				SWIFT_ACTIVE_COMPILATION_CONDITIONS = DEBUG;
				SWIFT_OPTIMIZATION_LEVEL = "-Onone";
			};
			name = Debug;
		};
		1872D6922A4C029C00E1D083 /* Release */ = {
			isa = XCBuildConfiguration;
			buildSettings = {
				ALWAYS_SEARCH_USER_PATHS = NO;
				CLANG_ANALYZER_NONNULL = YES;
				CLANG_ANALYZER_NUMBER_OBJECT_CONVERSION = YES_AGGRESSIVE;
				CLANG_CXX_LANGUAGE_STANDARD = "gnu++20";
				CLANG_ENABLE_MODULES = YES;
				CLANG_ENABLE_OBJC_ARC = YES;
				CLANG_ENABLE_OBJC_WEAK = YES;
				CLANG_WARN_BLOCK_CAPTURE_AUTORELEASING = YES;
				CLANG_WARN_BOOL_CONVERSION = YES;
				CLANG_WARN_COMMA = YES;
				CLANG_WARN_CONSTANT_CONVERSION = YES;
				CLANG_WARN_DEPRECATED_OBJC_IMPLEMENTATIONS = YES;
				CLANG_WARN_DIRECT_OBJC_ISA_USAGE = YES_ERROR;
				CLANG_WARN_DOCUMENTATION_COMMENTS = YES;
				CLANG_WARN_EMPTY_BODY = YES;
				CLANG_WARN_ENUM_CONVERSION = YES;
				CLANG_WARN_INFINITE_RECURSION = YES;
				CLANG_WARN_INT_CONVERSION = YES;
				CLANG_WARN_NON_LITERAL_NULL_CONVERSION = YES;
				CLANG_WARN_OBJC_IMPLICIT_RETAIN_SELF = YES;
				CLANG_WARN_OBJC_LITERAL_CONVERSION = YES;
				CLANG_WARN_OBJC_ROOT_CLASS = YES_ERROR;
				CLANG_WARN_QUOTED_INCLUDE_IN_FRAMEWORK_HEADER = YES;
				CLANG_WARN_RANGE_LOOP_ANALYSIS = YES;
				CLANG_WARN_STRICT_PROTOTYPES = YES;
				CLANG_WARN_SUSPICIOUS_MOVE = YES;
				CLANG_WARN_UNGUARDED_AVAILABILITY = YES_AGGRESSIVE;
				CLANG_WARN_UNREACHABLE_CODE = YES;
				CLANG_WARN__DUPLICATE_METHOD_MATCH = YES;
				COPY_PHASE_STRIP = NO;
				DEBUG_INFORMATION_FORMAT = "dwarf-with-dsym";
				ENABLE_NS_ASSERTIONS = NO;
				ENABLE_STRICT_OBJC_MSGSEND = YES;
				GCC_C_LANGUAGE_STANDARD = gnu11;
				GCC_NO_COMMON_BLOCKS = YES;
				GCC_WARN_64_TO_32_BIT_CONVERSION = YES;
				GCC_WARN_ABOUT_RETURN_TYPE = YES_ERROR;
				GCC_WARN_UNDECLARED_SELECTOR = YES;
				GCC_WARN_UNINITIALIZED_AUTOS = YES_AGGRESSIVE;
				GCC_WARN_UNUSED_FUNCTION = YES;
				GCC_WARN_UNUSED_VARIABLE = YES;
				MTL_ENABLE_DEBUG_INFO = NO;
				MTL_FAST_MATH = YES;
				SWIFT_COMPILATION_MODE = wholemodule;
				SWIFT_OPTIMIZATION_LEVEL = "-O";
			};
			name = Release;
		};
		1872D6942A4C029C00E1D083 /* Debug */ = {
			isa = XCBuildConfiguration;
			buildSettings = {
				ASSETCATALOG_COMPILER_APPICON_NAME = AppIcon;
				ASSETCATALOG_COMPILER_GLOBAL_ACCENT_COLOR_NAME = AccentColor;
				CODE_SIGN_ENTITLEMENTS = Radius/Radius.entitlements;
				CODE_SIGN_STYLE = Automatic;
				CURRENT_PROJECT_VERSION = 1;
				DEVELOPMENT_ASSET_PATHS = "\"Radius/Preview Content\"";
				DEVELOPMENT_TEAM = 73UKJCFS4B;
				ENABLE_HARDENED_RUNTIME = YES;
				ENABLE_PREVIEWS = YES;
				GENERATE_INFOPLIST_FILE = YES;
				"INFOPLIST_KEY_UIApplicationSceneManifest_Generation[sdk=iphoneos*]" = YES;
				"INFOPLIST_KEY_UIApplicationSceneManifest_Generation[sdk=iphonesimulator*]" = YES;
				"INFOPLIST_KEY_UIApplicationSupportsIndirectInputEvents[sdk=iphoneos*]" = YES;
				"INFOPLIST_KEY_UIApplicationSupportsIndirectInputEvents[sdk=iphonesimulator*]" = YES;
				"INFOPLIST_KEY_UILaunchScreen_Generation[sdk=iphoneos*]" = YES;
				"INFOPLIST_KEY_UILaunchScreen_Generation[sdk=iphonesimulator*]" = YES;
				"INFOPLIST_KEY_UIStatusBarStyle[sdk=iphoneos*]" = UIStatusBarStyleDefault;
				"INFOPLIST_KEY_UIStatusBarStyle[sdk=iphonesimulator*]" = UIStatusBarStyleDefault;
				INFOPLIST_KEY_UISupportedInterfaceOrientations_iPad = "UIInterfaceOrientationPortrait UIInterfaceOrientationPortraitUpsideDown UIInterfaceOrientationLandscapeLeft UIInterfaceOrientationLandscapeRight";
				INFOPLIST_KEY_UISupportedInterfaceOrientations_iPhone = "UIInterfaceOrientationPortrait UIInterfaceOrientationLandscapeLeft UIInterfaceOrientationLandscapeRight";
				IPHONEOS_DEPLOYMENT_TARGET = 16.2;
				LD_RUNPATH_SEARCH_PATHS = "@executable_path/Frameworks";
				"LD_RUNPATH_SEARCH_PATHS[sdk=macosx*]" = "@executable_path/../Frameworks";
				MACOSX_DEPLOYMENT_TARGET = 12.6;
				MARKETING_VERSION = 1.0;
				PRODUCT_BUNDLE_IDENTIFIER = com.test.Radius;
				PRODUCT_NAME = "$(TARGET_NAME)";
				SDKROOT = auto;
				SUPPORTED_PLATFORMS = "iphoneos iphonesimulator macosx";
				SWIFT_EMIT_LOC_STRINGS = YES;
				SWIFT_VERSION = 5.0;
				TARGETED_DEVICE_FAMILY = "1,2";
			};
			name = Debug;
		};
		1872D6952A4C029C00E1D083 /* Release */ = {
			isa = XCBuildConfiguration;
			buildSettings = {
				ASSETCATALOG_COMPILER_APPICON_NAME = AppIcon;
				ASSETCATALOG_COMPILER_GLOBAL_ACCENT_COLOR_NAME = AccentColor;
				CODE_SIGN_ENTITLEMENTS = Radius/Radius.entitlements;
				CODE_SIGN_STYLE = Automatic;
				CURRENT_PROJECT_VERSION = 1;
				DEVELOPMENT_ASSET_PATHS = "\"Radius/Preview Content\"";
				DEVELOPMENT_TEAM = 73UKJCFS4B;
				ENABLE_HARDENED_RUNTIME = YES;
				ENABLE_PREVIEWS = YES;
				GENERATE_INFOPLIST_FILE = YES;
				"INFOPLIST_KEY_UIApplicationSceneManifest_Generation[sdk=iphoneos*]" = YES;
				"INFOPLIST_KEY_UIApplicationSceneManifest_Generation[sdk=iphonesimulator*]" = YES;
				"INFOPLIST_KEY_UIApplicationSupportsIndirectInputEvents[sdk=iphoneos*]" = YES;
				"INFOPLIST_KEY_UIApplicationSupportsIndirectInputEvents[sdk=iphonesimulator*]" = YES;
				"INFOPLIST_KEY_UILaunchScreen_Generation[sdk=iphoneos*]" = YES;
				"INFOPLIST_KEY_UILaunchScreen_Generation[sdk=iphonesimulator*]" = YES;
				"INFOPLIST_KEY_UIStatusBarStyle[sdk=iphoneos*]" = UIStatusBarStyleDefault;
				"INFOPLIST_KEY_UIStatusBarStyle[sdk=iphonesimulator*]" = UIStatusBarStyleDefault;
				INFOPLIST_KEY_UISupportedInterfaceOrientations_iPad = "UIInterfaceOrientationPortrait UIInterfaceOrientationPortraitUpsideDown UIInterfaceOrientationLandscapeLeft UIInterfaceOrientationLandscapeRight";
				INFOPLIST_KEY_UISupportedInterfaceOrientations_iPhone = "UIInterfaceOrientationPortrait UIInterfaceOrientationLandscapeLeft UIInterfaceOrientationLandscapeRight";
				IPHONEOS_DEPLOYMENT_TARGET = 16.2;
				LD_RUNPATH_SEARCH_PATHS = "@executable_path/Frameworks";
				"LD_RUNPATH_SEARCH_PATHS[sdk=macosx*]" = "@executable_path/../Frameworks";
				MACOSX_DEPLOYMENT_TARGET = 12.6;
				MARKETING_VERSION = 1.0;
				PRODUCT_BUNDLE_IDENTIFIER = com.test.Radius;
				PRODUCT_NAME = "$(TARGET_NAME)";
				SDKROOT = auto;
				SUPPORTED_PLATFORMS = "iphoneos iphonesimulator macosx";
				SWIFT_EMIT_LOC_STRINGS = YES;
				SWIFT_VERSION = 5.0;
				TARGETED_DEVICE_FAMILY = "1,2";
			};
			name = Release;
		};
		1872D6972A4C029C00E1D083 /* Debug */ = {
			isa = XCBuildConfiguration;
			buildSettings = {
				ALWAYS_EMBED_SWIFT_STANDARD_LIBRARIES = YES;
				BUNDLE_LOADER = "$(TEST_HOST)";
				CODE_SIGN_STYLE = Automatic;
				CURRENT_PROJECT_VERSION = 1;
				DEVELOPMENT_TEAM = 73UKJCFS4B;
				GENERATE_INFOPLIST_FILE = YES;
				IPHONEOS_DEPLOYMENT_TARGET = 16.2;
				MACOSX_DEPLOYMENT_TARGET = 12.6;
				MARKETING_VERSION = 1.0;
				PRODUCT_BUNDLE_IDENTIFIER = com.test.RadiusTests;
				PRODUCT_NAME = "$(TARGET_NAME)";
				SDKROOT = auto;
				SUPPORTED_PLATFORMS = "iphoneos iphonesimulator macosx";
				SWIFT_EMIT_LOC_STRINGS = NO;
				SWIFT_VERSION = 5.0;
				TARGETED_DEVICE_FAMILY = "1,2";
				TEST_HOST = "$(BUILT_PRODUCTS_DIR)/Radius.app/$(BUNDLE_EXECUTABLE_FOLDER_PATH)/Radius";
			};
			name = Debug;
		};
		1872D6982A4C029C00E1D083 /* Release */ = {
			isa = XCBuildConfiguration;
			buildSettings = {
				ALWAYS_EMBED_SWIFT_STANDARD_LIBRARIES = YES;
				BUNDLE_LOADER = "$(TEST_HOST)";
				CODE_SIGN_STYLE = Automatic;
				CURRENT_PROJECT_VERSION = 1;
				DEVELOPMENT_TEAM = 73UKJCFS4B;
				GENERATE_INFOPLIST_FILE = YES;
				IPHONEOS_DEPLOYMENT_TARGET = 16.2;
				MACOSX_DEPLOYMENT_TARGET = 12.6;
				MARKETING_VERSION = 1.0;
				PRODUCT_BUNDLE_IDENTIFIER = com.test.RadiusTests;
				PRODUCT_NAME = "$(TARGET_NAME)";
				SDKROOT = auto;
				SUPPORTED_PLATFORMS = "iphoneos iphonesimulator macosx";
				SWIFT_EMIT_LOC_STRINGS = NO;
				SWIFT_VERSION = 5.0;
				TARGETED_DEVICE_FAMILY = "1,2";
				TEST_HOST = "$(BUILT_PRODUCTS_DIR)/Radius.app/$(BUNDLE_EXECUTABLE_FOLDER_PATH)/Radius";
			};
			name = Release;
		};
		1872D69A2A4C029C00E1D083 /* Debug */ = {
			isa = XCBuildConfiguration;
			buildSettings = {
				ALWAYS_EMBED_SWIFT_STANDARD_LIBRARIES = YES;
				CODE_SIGN_STYLE = Automatic;
				CURRENT_PROJECT_VERSION = 1;
				DEVELOPMENT_TEAM = 73UKJCFS4B;
				GENERATE_INFOPLIST_FILE = YES;
				IPHONEOS_DEPLOYMENT_TARGET = 16.2;
				MACOSX_DEPLOYMENT_TARGET = 12.6;
				MARKETING_VERSION = 1.0;
				PRODUCT_BUNDLE_IDENTIFIER = com.test.RadiusUITests;
				PRODUCT_NAME = "$(TARGET_NAME)";
				SDKROOT = auto;
				SUPPORTED_PLATFORMS = "iphoneos iphonesimulator macosx";
				SWIFT_EMIT_LOC_STRINGS = NO;
				SWIFT_VERSION = 5.0;
				TARGETED_DEVICE_FAMILY = "1,2";
				TEST_TARGET_NAME = Radius;
			};
			name = Debug;
		};
		1872D69B2A4C029C00E1D083 /* Release */ = {
			isa = XCBuildConfiguration;
			buildSettings = {
				ALWAYS_EMBED_SWIFT_STANDARD_LIBRARIES = YES;
				CODE_SIGN_STYLE = Automatic;
				CURRENT_PROJECT_VERSION = 1;
				DEVELOPMENT_TEAM = 73UKJCFS4B;
				GENERATE_INFOPLIST_FILE = YES;
				IPHONEOS_DEPLOYMENT_TARGET = 16.2;
				MACOSX_DEPLOYMENT_TARGET = 12.6;
				MARKETING_VERSION = 1.0;
				PRODUCT_BUNDLE_IDENTIFIER = com.test.RadiusUITests;
				PRODUCT_NAME = "$(TARGET_NAME)";
				SDKROOT = auto;
				SUPPORTED_PLATFORMS = "iphoneos iphonesimulator macosx";
				SWIFT_EMIT_LOC_STRINGS = NO;
				SWIFT_VERSION = 5.0;
				TARGETED_DEVICE_FAMILY = "1,2";
				TEST_TARGET_NAME = Radius;
			};
			name = Release;
		};
/* End XCBuildConfiguration section */

/* Begin XCConfigurationList section */
		1872D6642A4C029800E1D083 /* Build configuration list for PBXProject "Radius" */ = {
			isa = XCConfigurationList;
			buildConfigurations = (
				1872D6912A4C029C00E1D083 /* Debug */,
				1872D6922A4C029C00E1D083 /* Release */,
			);
			defaultConfigurationIsVisible = 0;
			defaultConfigurationName = Release;
		};
		1872D6932A4C029C00E1D083 /* Build configuration list for PBXNativeTarget "Radius" */ = {
			isa = XCConfigurationList;
			buildConfigurations = (
				1872D6942A4C029C00E1D083 /* Debug */,
				1872D6952A4C029C00E1D083 /* Release */,
			);
			defaultConfigurationIsVisible = 0;
			defaultConfigurationName = Release;
		};
		1872D6962A4C029C00E1D083 /* Build configuration list for PBXNativeTarget "RadiusTests" */ = {
			isa = XCConfigurationList;
			buildConfigurations = (
				1872D6972A4C029C00E1D083 /* Debug */,
				1872D6982A4C029C00E1D083 /* Release */,
			);
			defaultConfigurationIsVisible = 0;
			defaultConfigurationName = Release;
		};
		1872D6992A4C029C00E1D083 /* Build configuration list for PBXNativeTarget "RadiusUITests" */ = {
			isa = XCConfigurationList;
			buildConfigurations = (
				1872D69A2A4C029C00E1D083 /* Debug */,
				1872D69B2A4C029C00E1D083 /* Release */,
			);
			defaultConfigurationIsVisible = 0;
			defaultConfigurationName = Release;
		};
/* End XCConfigurationList section */

/* Begin XCVersionGroup section */
		1872D6702A4C029800E1D083 /* Radius.xcdatamodeld */ = {
			isa = XCVersionGroup;
			children = (
				1872D6712A4C029800E1D083 /* Radius.xcdatamodel */,
			);
			currentVersion = 1872D6712A4C029800E1D083 /* Radius.xcdatamodel */;
			path = Radius.xcdatamodeld;
			sourceTree = "<group>";
			versionGroupType = wrapper.xcdatamodel;
		};
/* End XCVersionGroup section */
	};
	rootObject = 1872D6612A4C029800E1D083 /* Project object */;
}
